
Microsoft Visual Studio Solution File, Format Version 12.00
# Visual Studio 2013
VisualStudioVersion = 12.0.31101.0
MinimumVisualStudioVersion = 10.0.40219.1
Project("{FAE04EC0-301F-11D3-BF4B-00C04F79EFBC}") = "FeatureSwitch.AspNet.Mvc", "FeatureSwitch.AspNet.Mvc\FeatureSwitch.AspNet.Mvc.csproj", "{CD92104C-7CAC-4F1C-A545-DDC539A3B6F8}"
EndProject
Project("{FAE04EC0-301F-11D3-BF4B-00C04F79EFBC}") = "FeatureSwitch.EPiServer.Cms70", "FeatureSwitch.EPiServer\FeatureSwitch.EPiServer.Cms70.csproj", "{F74A45CF-96CC-4FF9-A054-F598EE5891F1}"
EndProject
Project("{FAE04EC0-301F-11D3-BF4B-00C04F79EFBC}") = "FeatureSwitch.EPiServer.Cms75", "FeatureSwitch.EPiServer.Cms75\FeatureSwitch.EPiServer.Cms75.csproj", "{E7036489-57C0-40DE-9177-5C7FCC525430}"
EndProject
Project("{FAE04EC0-301F-11D3-BF4B-00C04F79EFBC}") = "FeatureSwitch.AspNet.Mvc5", "FeatureSwitch.AspNet.Mvc5\FeatureSwitch.AspNet.Mvc5.csproj", "{47B28B12-59E0-493A-B0C7-1B5F808FFA53}"
EndProject
Project("{2150E333-8FDC-42A3-9474-1A3956D46DE8}") = ".nuget", ".nuget", "{A24D0408-F7BD-4E18-9E3C-6D558DC3AEEE}"
	ProjectSection(SolutionItems) = preProject
		.nuget\packages.config = .nuget\packages.config
	EndProjectSection
EndProject
Global
	GlobalSection(SolutionConfigurationPlatforms) = preSolution
		Debug|Any CPU = Debug|Any CPU
		Release|Any CPU = Release|Any CPU
		Verify|Any CPU = Verify|Any CPU
	EndGlobalSection
	GlobalSection(ProjectConfigurationPlatforms) = postSolution
		{CD92104C-7CAC-4F1C-A545-DDC539A3B6F8}.Debug|Any CPU.ActiveCfg = Debug|Any CPU
		{CD92104C-7CAC-4F1C-A545-DDC539A3B6F8}.Debug|Any CPU.Build.0 = Debug|Any CPU
		{CD92104C-7CAC-4F1C-A545-DDC539A3B6F8}.Release|Any CPU.ActiveCfg = Release|Any CPU
		{CD92104C-7CAC-4F1C-A545-DDC539A3B6F8}.Release|Any CPU.Build.0 = Release|Any CPU
		{CD92104C-7CAC-4F1C-A545-DDC539A3B6F8}.Verify|Any CPU.ActiveCfg = Release|Any CPU
		{CD92104C-7CAC-4F1C-A545-DDC539A3B6F8}.Verify|Any CPU.Build.0 = Release|Any CPU
		{F74A45CF-96CC-4FF9-A054-F598EE5891F1}.Debug|Any CPU.ActiveCfg = Debug|Any CPU
		{F74A45CF-96CC-4FF9-A054-F598EE5891F1}.Debug|Any CPU.Build.0 = Debug|Any CPU
		{F74A45CF-96CC-4FF9-A054-F598EE5891F1}.Release|Any CPU.ActiveCfg = Release|Any CPU
		{F74A45CF-96CC-4FF9-A054-F598EE5891F1}.Release|Any CPU.Build.0 = Release|Any CPU
		{F74A45CF-96CC-4FF9-A054-F598EE5891F1}.Verify|Any CPU.ActiveCfg = Verify|Any CPU
		{F74A45CF-96CC-4FF9-A054-F598EE5891F1}.Verify|Any CPU.Build.0 = Verify|Any CPU
		{E7036489-57C0-40DE-9177-5C7FCC525430}.Debug|Any CPU.ActiveCfg = Debug|Any CPU
		{E7036489-57C0-40DE-9177-5C7FCC525430}.Debug|Any CPU.Build.0 = Debug|Any CPU
		{E7036489-57C0-40DE-9177-5C7FCC525430}.Release|Any CPU.ActiveCfg = Release|Any CPU
		{E7036489-57C0-40DE-9177-5C7FCC525430}.Release|Any CPU.Build.0 = Release|Any CPU
		{E7036489-57C0-40DE-9177-5C7FCC525430}.Verify|Any CPU.ActiveCfg = Release|Any CPU
		{E7036489-57C0-40DE-9177-5C7FCC525430}.Verify|Any CPU.Build.0 = Release|Any CPU
		{47B28B12-59E0-493A-B0C7-1B5F808FFA53}.Debug|Any CPU.ActiveCfg = Debug|Any CPU
		{47B28B12-59E0-493A-B0C7-1B5F808FFA53}.Debug|Any CPU.Build.0 = Debug|Any CPU
		{47B28B12-59E0-493A-B0C7-1B5F808FFA53}.Release|Any CPU.ActiveCfg = Release|Any CPU
		{47B28B12-59E0-493A-B0C7-1B5F808FFA53}.Release|Any CPU.Build.0 = Release|Any CPU
		{47B28B12-59E0-493A-B0C7-1B5F808FFA53}.Verify|Any CPU.ActiveCfg = Verify|Any CPU
		{47B28B12-59E0-493A-B0C7-1B5F808FFA53}.Verify|Any CPU.Build.0 = Verify|Any CPU
	EndGlobalSection
	GlobalSection(SolutionProperties) = preSolution
		HideSolutionNode = FALSE
	EndGlobalSection
EndGlobal
