
Microsoft Visual Studio Solution File, Format Version 12.00
# Visual Studio 2013
VisualStudioVersion = 12.0.21005.1
MinimumVisualStudioVersion = 10.0.40219.1
Project("{FAE04EC0-301F-11D3-BF4B-00C04F79EFBC}") = "FeatureSwitch", "FeatureSwitch\FeatureSwitch.csproj", "{2647BFAF-C14F-42AB-BA25-35462C9E3251}"
EndProject
Project("{FAE04EC0-301F-11D3-BF4B-00C04F79EFBC}") = "FeatureSwitch.Tests", "FeatureSwitchTests\FeatureSwitch.Tests.csproj", "{B90FCCBB-9CAE-48E1-83B7-F5C30809EF88}"
EndProject
Project("{FAE04EC0-301F-11D3-BF4B-00C04F79EFBC}") = "FeatureSwitch.AspNet.Sample", "FeatureSwitch.AspNet.Sample\FeatureSwitch.AspNet.Sample.csproj", "{D278DF54-B8D4-44BE-B630-75FF4C56BA26}"
EndProject
Project("{FAE04EC0-301F-11D3-BF4B-00C04F79EFBC}") = "FeatureSwitch.AspNet.Mvc5", "FeatureSwitch.AspNet.Mvc5\FeatureSwitch.AspNet.Mvc5.csproj", "{47B28B12-59E0-493A-B0C7-1B5F808FFA53}"
EndProject
Project("{FAE04EC0-301F-11D3-BF4B-00C04F79EFBC}") = "FeatureSwitch.Web.Optimization", "FeatureSwitch.Web.Optimization\FeatureSwitch.Web.Optimization.csproj", "{029552DE-EA83-4E55-96F3-E65BCD7C2C19}"
EndProject
Project("{2150E333-8FDC-42A3-9474-1A3956D46DE8}") = "Solution Items", "Solution Items", "{0E5E270C-CD78-4635-AAAF-FC28A1144373}"
	ProjectSection(SolutionItems) = preProject
		CommonAssemblyInfo.cs = CommonAssemblyInfo.cs
	EndProjectSection
EndProject
Project("{2150E333-8FDC-42A3-9474-1A3956D46DE8}") = ".nuget", ".nuget", "{725D9119-A788-478B-965C-1A8930E01F53}"
	ProjectSection(SolutionItems) = preProject
		.nuget\NuGet.Config = .nuget\NuGet.Config
		.nuget\NuGet.exe = .nuget\NuGet.exe
		.nuget\NuGet.targets = .nuget\NuGet.targets
	EndProjectSection
EndProject
Global
	GlobalSection(SolutionConfigurationPlatforms) = preSolution
		Debug|Any CPU = Debug|Any CPU
		Release|Any CPU = Release|Any CPU
		Verify|Any CPU = Verify|Any CPU
	EndGlobalSection
	GlobalSection(ProjectConfigurationPlatforms) = postSolution
		{2647BFAF-C14F-42AB-BA25-35462C9E3251}.Debug|Any CPU.ActiveCfg = Debug|Any CPU
		{2647BFAF-C14F-42AB-BA25-35462C9E3251}.Debug|Any CPU.Build.0 = Debug|Any CPU
		{2647BFAF-C14F-42AB-BA25-35462C9E3251}.Release|Any CPU.ActiveCfg = Release|Any CPU
		{2647BFAF-C14F-42AB-BA25-35462C9E3251}.Release|Any CPU.Build.0 = Release|Any CPU
		{2647BFAF-C14F-42AB-BA25-35462C9E3251}.Verify|Any CPU.ActiveCfg = Verify|Any CPU
		{2647BFAF-C14F-42AB-BA25-35462C9E3251}.Verify|Any CPU.Build.0 = Verify|Any CPU
		{B90FCCBB-9CAE-48E1-83B7-F5C30809EF88}.Debug|Any CPU.ActiveCfg = Debug|Any CPU
		{B90FCCBB-9CAE-48E1-83B7-F5C30809EF88}.Debug|Any CPU.Build.0 = Debug|Any CPU
		{B90FCCBB-9CAE-48E1-83B7-F5C30809EF88}.Release|Any CPU.ActiveCfg = Release|Any CPU
		{B90FCCBB-9CAE-48E1-83B7-F5C30809EF88}.Release|Any CPU.Build.0 = Release|Any CPU
		{B90FCCBB-9CAE-48E1-83B7-F5C30809EF88}.Verify|Any CPU.ActiveCfg = Verify|Any CPU
		{B90FCCBB-9CAE-48E1-83B7-F5C30809EF88}.Verify|Any CPU.Build.0 = Verify|Any CPU
		{D278DF54-B8D4-44BE-B630-75FF4C56BA26}.Debug|Any CPU.ActiveCfg = Debug|Any CPU
		{D278DF54-B8D4-44BE-B630-75FF4C56BA26}.Debug|Any CPU.Build.0 = Debug|Any CPU
		{D278DF54-B8D4-44BE-B630-75FF4C56BA26}.Release|Any CPU.ActiveCfg = Release|Any CPU
		{D278DF54-B8D4-44BE-B630-75FF4C56BA26}.Release|Any CPU.Build.0 = Release|Any CPU
		{D278DF54-B8D4-44BE-B630-75FF4C56BA26}.Verify|Any CPU.ActiveCfg = Verify|Any CPU
		{D278DF54-B8D4-44BE-B630-75FF4C56BA26}.Verify|Any CPU.Build.0 = Verify|Any CPU
		{47B28B12-59E0-493A-B0C7-1B5F808FFA53}.Debug|Any CPU.ActiveCfg = Debug|Any CPU
		{47B28B12-59E0-493A-B0C7-1B5F808FFA53}.Debug|Any CPU.Build.0 = Debug|Any CPU
		{47B28B12-59E0-493A-B0C7-1B5F808FFA53}.Release|Any CPU.ActiveCfg = Release|Any CPU
		{47B28B12-59E0-493A-B0C7-1B5F808FFA53}.Release|Any CPU.Build.0 = Release|Any CPU
		{47B28B12-59E0-493A-B0C7-1B5F808FFA53}.Verify|Any CPU.ActiveCfg = Verify|Any CPU
		{47B28B12-59E0-493A-B0C7-1B5F808FFA53}.Verify|Any CPU.Build.0 = Verify|Any CPU
		{029552DE-EA83-4E55-96F3-E65BCD7C2C19}.Debug|Any CPU.ActiveCfg = Debug|Any CPU
		{029552DE-EA83-4E55-96F3-E65BCD7C2C19}.Debug|Any CPU.Build.0 = Debug|Any CPU
		{029552DE-EA83-4E55-96F3-E65BCD7C2C19}.Release|Any CPU.ActiveCfg = Release|Any CPU
		{029552DE-EA83-4E55-96F3-E65BCD7C2C19}.Release|Any CPU.Build.0 = Release|Any CPU
		{029552DE-EA83-4E55-96F3-E65BCD7C2C19}.Verify|Any CPU.ActiveCfg = Verify|Any CPU
		{029552DE-EA83-4E55-96F3-E65BCD7C2C19}.Verify|Any CPU.Build.0 = Verify|Any CPU
	EndGlobalSection
	GlobalSection(SolutionProperties) = preSolution
		HideSolutionNode = FALSE
	EndGlobalSection
EndGlobal
