
Microsoft Visual Studio Solution File, Format Version 12.00
# Visual Studio 2013
VisualStudioVersion = 12.0.30501.0
MinimumVisualStudioVersion = 10.0.40219.1
Project("{FAE04EC0-301F-11D3-BF4B-00C04F79EFBC}") = "FeatureSwitch", "FeatureSwitch\FeatureSwitch.csproj", "{2647BFAF-C14F-42AB-BA25-35462C9E3251}"
EndProject
Project("{FAE04EC0-301F-11D3-BF4B-00C04F79EFBC}") = "FeatureSwitch.Tests", "FeatureSwitchTests\FeatureSwitch.Tests.csproj", "{B90FCCBB-9CAE-48E1-83B7-F5C30809EF88}"
EndProject
Project("{FAE04EC0-301F-11D3-BF4B-00C04F79EFBC}") = "FeatureSwitch.AspNet.Sample", "FeatureSwitch.AspNet.Sample\FeatureSwitch.AspNet.Sample.csproj", "{D278DF54-B8D4-44BE-B630-75FF4C56BA26}"
EndProject
Project("{FAE04EC0-301F-11D3-BF4B-00C04F79EFBC}") = "FeatureSwitch.AspNet.Mvc5", "FeatureSwitch.AspNet.Mvc5\FeatureSwitch.AspNet.Mvc5.csproj", "{47B28B12-59E0-493A-B0C7-1B5F808FFA53}"
EndProject
Project("{FAE04EC0-301F-11D3-BF4B-00C04F79EFBC}") = "FeatureSwitch.Web.Optimization", "FeatureSwitch.Web.Optimization\FeatureSwitch.Web.Optimization.csproj", "{029552DE-EA83-4E55-96F3-E65BCD7C2C19}"
EndProject
Project("{2150E333-8FDC-42A3-9474-1A3956D46DE8}") = "Solution Items", "Solution Items", "{0E5E270C-CD78-4635-AAAF-FC28A1144373}"
	ProjectSection(SolutionItems) = preProject
		CommonAssemblyInfo.cs = CommonAssemblyInfo.cs
	EndProjectSection
EndProject
Project("{2150E333-8FDC-42A3-9474-1A3956D46DE8}") = ".nuget", ".nuget", "{725D9119-A788-478B-965C-1A8930E01F53}"
	ProjectSection(SolutionItems) = preProject
		.nuget\NuGet.Config = .nuget\NuGet.Config
		.nuget\NuGet.exe = .nuget\NuGet.exe
		.nuget\NuGet.targets = .nuget\NuGet.targets
	EndProjectSection
EndProject
Project("{FAE04EC0-301F-11D3-BF4B-00C04F79EFBC}") = "FeatureSwitch.StructureMap", "FeatureSwitch.StructureMap\FeatureSwitch.StructureMap.csproj", "{62EDA675-F73D-4040-92E4-595E200473B1}"
EndProject
Project("{FAE04EC0-301F-11D3-BF4B-00C04F79EFBC}") = "FeatureSwitch.StructureMap.Tests", "FeatureSwitch.StructureMap.Tests\FeatureSwitch.StructureMap.Tests.csproj", "{273AD480-5E40-42A9-8F79-7C176382CD87}"
EndProject
Project("{2150E333-8FDC-42A3-9474-1A3956D46DE8}") = "ContainerSupport", "ContainerSupport", "{326B800E-CCA2-443A-B688-1969CE0190B9}"
EndProject
Project("{FAE04EC0-301F-11D3-BF4B-00C04F79EFBC}") = "FeatureSwitch.Unity", "FeatureSwitch.Unity\FeatureSwitch.Unity.csproj", "{BAFA25BA-35D0-4C96-BC69-653DC2C4BB9D}"
EndProject
Project("{FAE04EC0-301F-11D3-BF4B-00C04F79EFBC}") = "FeatureSwitch.Unity.Tests", "FeatureSwitch.Unity.Tests\FeatureSwitch.Unity.Tests.csproj", "{164320A0-41C2-4E2F-BD2C-9CE4C2F9EB34}"
EndProject
Project("{FAE04EC0-301F-11D3-BF4B-00C04F79EFBC}") = "FeatureSwitch.StructureMap.2.6", "FeatureSwitch.StructureMap.2.6\FeatureSwitch.StructureMap.2.6.csproj", "{7C28E40A-C377-40EA-92B4-60273446649C}"
EndProject
Global
	GlobalSection(SolutionConfigurationPlatforms) = preSolution
		Debug|Any CPU = Debug|Any CPU
		Release|Any CPU = Release|Any CPU
		Verify|Any CPU = Verify|Any CPU
	EndGlobalSection
	GlobalSection(ProjectConfigurationPlatforms) = postSolution
		{2647BFAF-C14F-42AB-BA25-35462C9E3251}.Debug|Any CPU.ActiveCfg = Debug|Any CPU
		{2647BFAF-C14F-42AB-BA25-35462C9E3251}.Debug|Any CPU.Build.0 = Debug|Any CPU
		{2647BFAF-C14F-42AB-BA25-35462C9E3251}.Release|Any CPU.ActiveCfg = Release|Any CPU
		{2647BFAF-C14F-42AB-BA25-35462C9E3251}.Release|Any CPU.Build.0 = Release|Any CPU
		{2647BFAF-C14F-42AB-BA25-35462C9E3251}.Verify|Any CPU.ActiveCfg = Verify|Any CPU
		{2647BFAF-C14F-42AB-BA25-35462C9E3251}.Verify|Any CPU.Build.0 = Verify|Any CPU
		{B90FCCBB-9CAE-48E1-83B7-F5C30809EF88}.Debug|Any CPU.ActiveCfg = Debug|Any CPU
		{B90FCCBB-9CAE-48E1-83B7-F5C30809EF88}.Debug|Any CPU.Build.0 = Debug|Any CPU
		{B90FCCBB-9CAE-48E1-83B7-F5C30809EF88}.Release|Any CPU.ActiveCfg = Release|Any CPU
		{B90FCCBB-9CAE-48E1-83B7-F5C30809EF88}.Release|Any CPU.Build.0 = Release|Any CPU
		{B90FCCBB-9CAE-48E1-83B7-F5C30809EF88}.Verify|Any CPU.ActiveCfg = Verify|Any CPU
		{B90FCCBB-9CAE-48E1-83B7-F5C30809EF88}.Verify|Any CPU.Build.0 = Verify|Any CPU
		{D278DF54-B8D4-44BE-B630-75FF4C56BA26}.Debug|Any CPU.ActiveCfg = Debug|Any CPU
		{D278DF54-B8D4-44BE-B630-75FF4C56BA26}.Debug|Any CPU.Build.0 = Debug|Any CPU
		{D278DF54-B8D4-44BE-B630-75FF4C56BA26}.Release|Any CPU.ActiveCfg = Release|Any CPU
		{D278DF54-B8D4-44BE-B630-75FF4C56BA26}.Release|Any CPU.Build.0 = Release|Any CPU
		{D278DF54-B8D4-44BE-B630-75FF4C56BA26}.Verify|Any CPU.ActiveCfg = Verify|Any CPU
		{D278DF54-B8D4-44BE-B630-75FF4C56BA26}.Verify|Any CPU.Build.0 = Verify|Any CPU
		{47B28B12-59E0-493A-B0C7-1B5F808FFA53}.Debug|Any CPU.ActiveCfg = Debug|Any CPU
		{47B28B12-59E0-493A-B0C7-1B5F808FFA53}.Debug|Any CPU.Build.0 = Debug|Any CPU
		{47B28B12-59E0-493A-B0C7-1B5F808FFA53}.Release|Any CPU.ActiveCfg = Release|Any CPU
		{47B28B12-59E0-493A-B0C7-1B5F808FFA53}.Release|Any CPU.Build.0 = Release|Any CPU
		{47B28B12-59E0-493A-B0C7-1B5F808FFA53}.Verify|Any CPU.ActiveCfg = Verify|Any CPU
		{47B28B12-59E0-493A-B0C7-1B5F808FFA53}.Verify|Any CPU.Build.0 = Verify|Any CPU
		{029552DE-EA83-4E55-96F3-E65BCD7C2C19}.Debug|Any CPU.ActiveCfg = Debug|Any CPU
		{029552DE-EA83-4E55-96F3-E65BCD7C2C19}.Debug|Any CPU.Build.0 = Debug|Any CPU
		{029552DE-EA83-4E55-96F3-E65BCD7C2C19}.Release|Any CPU.ActiveCfg = Release|Any CPU
		{029552DE-EA83-4E55-96F3-E65BCD7C2C19}.Release|Any CPU.Build.0 = Release|Any CPU
		{029552DE-EA83-4E55-96F3-E65BCD7C2C19}.Verify|Any CPU.ActiveCfg = Verify|Any CPU
		{029552DE-EA83-4E55-96F3-E65BCD7C2C19}.Verify|Any CPU.Build.0 = Verify|Any CPU
		{62EDA675-F73D-4040-92E4-595E200473B1}.Debug|Any CPU.ActiveCfg = Debug|Any CPU
		{62EDA675-F73D-4040-92E4-595E200473B1}.Debug|Any CPU.Build.0 = Debug|Any CPU
		{62EDA675-F73D-4040-92E4-595E200473B1}.Release|Any CPU.ActiveCfg = Release|Any CPU
		{62EDA675-F73D-4040-92E4-595E200473B1}.Release|Any CPU.Build.0 = Release|Any CPU
		{62EDA675-F73D-4040-92E4-595E200473B1}.Verify|Any CPU.ActiveCfg = Release|Any CPU
		{62EDA675-F73D-4040-92E4-595E200473B1}.Verify|Any CPU.Build.0 = Release|Any CPU
		{273AD480-5E40-42A9-8F79-7C176382CD87}.Debug|Any CPU.ActiveCfg = Debug|Any CPU
		{273AD480-5E40-42A9-8F79-7C176382CD87}.Debug|Any CPU.Build.0 = Debug|Any CPU
		{273AD480-5E40-42A9-8F79-7C176382CD87}.Release|Any CPU.ActiveCfg = Release|Any CPU
		{273AD480-5E40-42A9-8F79-7C176382CD87}.Release|Any CPU.Build.0 = Release|Any CPU
		{273AD480-5E40-42A9-8F79-7C176382CD87}.Verify|Any CPU.ActiveCfg = Release|Any CPU
		{273AD480-5E40-42A9-8F79-7C176382CD87}.Verify|Any CPU.Build.0 = Release|Any CPU
		{BAFA25BA-35D0-4C96-BC69-653DC2C4BB9D}.Debug|Any CPU.ActiveCfg = Debug|Any CPU
		{BAFA25BA-35D0-4C96-BC69-653DC2C4BB9D}.Debug|Any CPU.Build.0 = Debug|Any CPU
		{BAFA25BA-35D0-4C96-BC69-653DC2C4BB9D}.Release|Any CPU.ActiveCfg = Release|Any CPU
		{BAFA25BA-35D0-4C96-BC69-653DC2C4BB9D}.Release|Any CPU.Build.0 = Release|Any CPU
		{BAFA25BA-35D0-4C96-BC69-653DC2C4BB9D}.Verify|Any CPU.ActiveCfg = Release|Any CPU
		{BAFA25BA-35D0-4C96-BC69-653DC2C4BB9D}.Verify|Any CPU.Build.0 = Release|Any CPU
		{164320A0-41C2-4E2F-BD2C-9CE4C2F9EB34}.Debug|Any CPU.ActiveCfg = Debug|Any CPU
		{164320A0-41C2-4E2F-BD2C-9CE4C2F9EB34}.Debug|Any CPU.Build.0 = Debug|Any CPU
		{164320A0-41C2-4E2F-BD2C-9CE4C2F9EB34}.Release|Any CPU.ActiveCfg = Release|Any CPU
		{164320A0-41C2-4E2F-BD2C-9CE4C2F9EB34}.Release|Any CPU.Build.0 = Release|Any CPU
		{164320A0-41C2-4E2F-BD2C-9CE4C2F9EB34}.Verify|Any CPU.ActiveCfg = Release|Any CPU
		{164320A0-41C2-4E2F-BD2C-9CE4C2F9EB34}.Verify|Any CPU.Build.0 = Release|Any CPU
		{7C28E40A-C377-40EA-92B4-60273446649C}.Debug|Any CPU.ActiveCfg = Debug|Any CPU
		{7C28E40A-C377-40EA-92B4-60273446649C}.Debug|Any CPU.Build.0 = Debug|Any CPU
		{7C28E40A-C377-40EA-92B4-60273446649C}.Release|Any CPU.ActiveCfg = Release|Any CPU
		{7C28E40A-C377-40EA-92B4-60273446649C}.Release|Any CPU.Build.0 = Release|Any CPU
		{7C28E40A-C377-40EA-92B4-60273446649C}.Verify|Any CPU.ActiveCfg = Release|Any CPU
		{7C28E40A-C377-40EA-92B4-60273446649C}.Verify|Any CPU.Build.0 = Release|Any CPU
	EndGlobalSection
	GlobalSection(SolutionProperties) = preSolution
		HideSolutionNode = FALSE
	EndGlobalSection
	GlobalSection(NestedProjects) = preSolution
		{62EDA675-F73D-4040-92E4-595E200473B1} = {326B800E-CCA2-443A-B688-1969CE0190B9}
		{273AD480-5E40-42A9-8F79-7C176382CD87} = {326B800E-CCA2-443A-B688-1969CE0190B9}
		{BAFA25BA-35D0-4C96-BC69-653DC2C4BB9D} = {326B800E-CCA2-443A-B688-1969CE0190B9}
		{164320A0-41C2-4E2F-BD2C-9CE4C2F9EB34} = {326B800E-CCA2-443A-B688-1969CE0190B9}
		{7C28E40A-C377-40EA-92B4-60273446649C} = {326B800E-CCA2-443A-B688-1969CE0190B9}
	EndGlobalSection
EndGlobal
